
Microsoft Visual Studio Solution File, Format Version 12.00
# Visual Studio 2013
VisualStudioVersion = 12.0.31101.0
MinimumVisualStudioVersion = 10.0.40219.1
Project("{FAE04EC0-301F-11D3-BF4B-00C04F79EFBC}") = "BasicActionsFramework", "BasicActions\BasicActionsFramework.csproj", "{43BED3D7-78CF-49B7-85F4-ABC43DB5562C}"
EndProject
Project("{FAE04EC0-301F-11D3-BF4B-00C04F79EFBC}") = "BasicActionsTest", "BasicActionsTest\BasicActionsTest.csproj", "{2A68FC98-71FE-4068-A27A-91C3F3640EEE}"
	ProjectSection(ProjectDependencies) = postProject
		{43BED3D7-78CF-49B7-85F4-ABC43DB5562C} = {43BED3D7-78CF-49B7-85F4-ABC43DB5562C}
	EndProjectSection
EndProject
Global
	GlobalSection(SolutionConfigurationPlatforms) = preSolution
		Debug|Any CPU = Debug|Any CPU
		Release|Any CPU = Release|Any CPU
	EndGlobalSection
	GlobalSection(ProjectConfigurationPlatforms) = postSolution
		{43BED3D7-78CF-49B7-85F4-ABC43DB5562C}.Debug|Any CPU.ActiveCfg = Debug|Any CPU
		{43BED3D7-78CF-49B7-85F4-ABC43DB5562C}.Debug|Any CPU.Build.0 = Debug|Any CPU
		{43BED3D7-78CF-49B7-85F4-ABC43DB5562C}.Release|Any CPU.ActiveCfg = Release|Any CPU
		{43BED3D7-78CF-49B7-85F4-ABC43DB5562C}.Release|Any CPU.Build.0 = Release|Any CPU
		{2A68FC98-71FE-4068-A27A-91C3F3640EEE}.Debug|Any CPU.ActiveCfg = Debug|Any CPU
		{2A68FC98-71FE-4068-A27A-91C3F3640EEE}.Debug|Any CPU.Build.0 = Debug|Any CPU
		{2A68FC98-71FE-4068-A27A-91C3F3640EEE}.Release|Any CPU.ActiveCfg = Release|Any CPU
		{2A68FC98-71FE-4068-A27A-91C3F3640EEE}.Release|Any CPU.Build.0 = Release|Any CPU
	EndGlobalSection
	GlobalSection(SolutionProperties) = preSolution
		HideSolutionNode = FALSE
	EndGlobalSection
EndGlobal
